{
  "nodes": {
    "devenv": {
      "inputs": {
        "nixpkgs": "nixpkgs",
        "wrapper-manager": "wrapper-manager"
      },
      "locked": {
        "lastModified": 1731503979,
        "narHash": "sha256-WtquX3uoA4lZXtZybNPq3HDAdbk34RTWrS7nU9sJSHs=",
        "owner": "jkaye2012",
        "repo": "devenv",
        "rev": "57c2ae68b905b126a553bc920f36b475bf62a94e",
        "type": "github"
      },
      "original": {
        "owner": "jkaye2012",
        "repo": "devenv",
        "type": "github"
      }
    },
    "nixpkgs": {
      "locked": {
        "lastModified": 1727672256,
        "narHash": "sha256-9/79hjQc9+xyH+QxeMcRsA6hDyw6Z9Eo1/oxjvwirLk=",
        "owner": "NixOS",
        "repo": "nixpkgs",
        "rev": "1719f27dd95fd4206afb9cec9f415b539978827e",
        "type": "github"
      },
      "original": {
        "id": "nixpkgs",
        "ref": "nixos-24.05",
        "type": "indirect"
      }
    },
    "nixpkgs_2": {
      "locked": {
        "lastModified": 1702151865,
        "narHash": "sha256-9VAt19t6yQa7pHZLDbil/QctAgVsA66DLnzdRGqDisg=",
        "owner": "NixOS",
        "repo": "nixpkgs",
        "rev": "666fc80e7b2afb570462423cb0e1cf1a3a34fedd",
        "type": "github"
      },
      "original": {
        "owner": "NixOS",
        "ref": "nixos-unstable",
        "repo": "nixpkgs",
        "type": "github"
      }
    },
    "nixpkgs_3": {
      "locked": {
        "lastModified": 1731386116,
        "narHash": "sha256-lKA770aUmjPHdTaJWnP3yQ9OI1TigenUqVC3wweqZuI=",
        "owner": "NixOS",
        "repo": "nixpkgs",
        "rev": "689fed12a013f56d4c4d3f612489634267d86529",
        "type": "github"
      },
      "original": {
        "id": "nixpkgs",
        "ref": "nixos-24.05",
        "type": "indirect"
      }
    },
    "root": {
      "inputs": {
        "devenv": "devenv",
        "nixpkgs": "nixpkgs_3"
      }
    },
    "wrapper-manager": {
      "inputs": {
        "nixpkgs": "nixpkgs_2"
      },
      "locked": {
        "lastModified": 1724503599,
        "narHash": "sha256-WVhNq3QjnG/2mi772CkTxZCQcomKV5S03TbQKwe1Kj4=",
        "owner": "viperML",
        "repo": "wrapper-manager",
        "rev": "c936f9203217e654a6074d206505c16432edbc70",
        "type": "github"
      },
      "original": {
        "owner": "viperML",
        "repo": "wrapper-manager",
        "type": "github"
      }
    }
  },
  "root": "root",
  "version": 7
}
